
Microsoft Visual Studio Solution File, Format Version 12.00
# Visual Studio Version 16
VisualStudioVersion = 16.0.29411.108
MinimumVisualStudioVersion = 10.0.40219.1
Project("{FAE04EC0-301F-11D3-BF4B-00C04F79EFBC}") = "OOPEXamples", "OOPEXamples.csproj", "{99095E16-7850-4865-A1F6-FDEF0424D093}"
EndProject
Global
	GlobalSection(SolutionConfigurationPlatforms) = preSolution
		Debug|Any CPU = Debug|Any CPU
		Release|Any CPU = Release|Any CPU
	EndGlobalSection
	GlobalSection(ProjectConfigurationPlatforms) = postSolution
		{99095E16-7850-4865-A1F6-FDEF0424D093}.Debug|Any CPU.ActiveCfg = Debug|Any CPU
		{99095E16-7850-4865-A1F6-FDEF0424D093}.Debug|Any CPU.Build.0 = Debug|Any CPU
		{99095E16-7850-4865-A1F6-FDEF0424D093}.Release|Any CPU.ActiveCfg = Release|Any CPU
		{99095E16-7850-4865-A1F6-FDEF0424D093}.Release|Any CPU.Build.0 = Release|Any CPU
	EndGlobalSection
	GlobalSection(SolutionProperties) = preSolution
		HideSolutionNode = FALSE
	EndGlobalSection
	GlobalSection(ExtensibilityGlobals) = postSolution
		SolutionGuid = {BF6E9613-7980-4A9E-A338-FB5B3D6C7DBD}
	EndGlobalSection
EndGlobal
