
Microsoft Visual Studio Solution File, Format Version 12.00
# Visual Studio Version 16
VisualStudioVersion = 16.0.29411.108
MinimumVisualStudioVersion = 10.0.40219.1
Project("{9A19103F-16F7-4668-BE54-9A1E7A4F7556}") = "FebruaryPracticeCSharp", "FebruaryPracticeCSharp.csproj", "{A1FE6507-E678-49B1-9DDD-E0E849852BA4}"
EndProject
Project("{9A19103F-16F7-4668-BE54-9A1E7A4F7556}") = "ListFiltering", "..\ListFiltering\ListFiltering.csproj", "{83AB7E2C-58BF-4B5A-BC9A-876D44E401DF}"
EndProject
Project("{9A19103F-16F7-4668-BE54-9A1E7A4F7556}") = "BriefcaseLock", "..\BriefcaseLock\BriefcaseLock.csproj", "{EFF59AB4-A312-4628-B1DD-418F556BCA0E}"
EndProject
Project("{FAE04EC0-301F-11D3-BF4B-00C04F79EFBC}") = "StringsPractice", "..\StringsPractice\StringsPractice.csproj", "{B1DEE199-FEE7-4322-B037-29A37AD8380D}"
EndProject
Project("{FAE04EC0-301F-11D3-BF4B-00C04F79EFBC}") = "stringChallenge", "..\stringChallenge\stringChallenge.csproj", "{0F753F7C-9CDA-479F-854B-CE75CAAB4038}"
EndProject
Global
	GlobalSection(SolutionConfigurationPlatforms) = preSolution
		Debug|Any CPU = Debug|Any CPU
		Release|Any CPU = Release|Any CPU
	EndGlobalSection
	GlobalSection(ProjectConfigurationPlatforms) = postSolution
		{A1FE6507-E678-49B1-9DDD-E0E849852BA4}.Debug|Any CPU.ActiveCfg = Debug|Any CPU
		{A1FE6507-E678-49B1-9DDD-E0E849852BA4}.Debug|Any CPU.Build.0 = Debug|Any CPU
		{A1FE6507-E678-49B1-9DDD-E0E849852BA4}.Release|Any CPU.ActiveCfg = Release|Any CPU
		{A1FE6507-E678-49B1-9DDD-E0E849852BA4}.Release|Any CPU.Build.0 = Release|Any CPU
		{83AB7E2C-58BF-4B5A-BC9A-876D44E401DF}.Debug|Any CPU.ActiveCfg = Debug|Any CPU
		{83AB7E2C-58BF-4B5A-BC9A-876D44E401DF}.Debug|Any CPU.Build.0 = Debug|Any CPU
		{83AB7E2C-58BF-4B5A-BC9A-876D44E401DF}.Release|Any CPU.ActiveCfg = Release|Any CPU
		{83AB7E2C-58BF-4B5A-BC9A-876D44E401DF}.Release|Any CPU.Build.0 = Release|Any CPU
		{EFF59AB4-A312-4628-B1DD-418F556BCA0E}.Debug|Any CPU.ActiveCfg = Debug|Any CPU
		{EFF59AB4-A312-4628-B1DD-418F556BCA0E}.Debug|Any CPU.Build.0 = Debug|Any CPU
		{EFF59AB4-A312-4628-B1DD-418F556BCA0E}.Release|Any CPU.ActiveCfg = Release|Any CPU
		{EFF59AB4-A312-4628-B1DD-418F556BCA0E}.Release|Any CPU.Build.0 = Release|Any CPU
		{B1DEE199-FEE7-4322-B037-29A37AD8380D}.Debug|Any CPU.ActiveCfg = Debug|Any CPU
		{B1DEE199-FEE7-4322-B037-29A37AD8380D}.Debug|Any CPU.Build.0 = Debug|Any CPU
		{B1DEE199-FEE7-4322-B037-29A37AD8380D}.Release|Any CPU.ActiveCfg = Release|Any CPU
		{B1DEE199-FEE7-4322-B037-29A37AD8380D}.Release|Any CPU.Build.0 = Release|Any CPU
		{0F753F7C-9CDA-479F-854B-CE75CAAB4038}.Debug|Any CPU.ActiveCfg = Debug|Any CPU
		{0F753F7C-9CDA-479F-854B-CE75CAAB4038}.Debug|Any CPU.Build.0 = Debug|Any CPU
		{0F753F7C-9CDA-479F-854B-CE75CAAB4038}.Release|Any CPU.ActiveCfg = Release|Any CPU
		{0F753F7C-9CDA-479F-854B-CE75CAAB4038}.Release|Any CPU.Build.0 = Release|Any CPU
	EndGlobalSection
	GlobalSection(SolutionProperties) = preSolution
		HideSolutionNode = FALSE
	EndGlobalSection
	GlobalSection(ExtensibilityGlobals) = postSolution
		SolutionGuid = {5DADAB2D-6611-45D1-A96F-E8E987A3C756}
	EndGlobalSection
EndGlobal
