
Microsoft Visual Studio Solution File, Format Version 12.00
# Visual Studio Version 16
VisualStudioVersion = 16.0.29411.108
MinimumVisualStudioVersion = 10.0.40219.1
Project("{FAE04EC0-301F-11D3-BF4B-00C04F79EFBC}") = "Mountains", "Mountains.csproj", "{9C49637E-FD3B-47E0-BDDF-EF5A5C869EAB}"
EndProject
Global
	GlobalSection(SolutionConfigurationPlatforms) = preSolution
		Debug|Any CPU = Debug|Any CPU
		Release|Any CPU = Release|Any CPU
	EndGlobalSection
	GlobalSection(ProjectConfigurationPlatforms) = postSolution
		{9C49637E-FD3B-47E0-BDDF-EF5A5C869EAB}.Debug|Any CPU.ActiveCfg = Debug|Any CPU
		{9C49637E-FD3B-47E0-BDDF-EF5A5C869EAB}.Debug|Any CPU.Build.0 = Debug|Any CPU
		{9C49637E-FD3B-47E0-BDDF-EF5A5C869EAB}.Release|Any CPU.ActiveCfg = Release|Any CPU
		{9C49637E-FD3B-47E0-BDDF-EF5A5C869EAB}.Release|Any CPU.Build.0 = Release|Any CPU
	EndGlobalSection
	GlobalSection(SolutionProperties) = preSolution
		HideSolutionNode = FALSE
	EndGlobalSection
	GlobalSection(ExtensibilityGlobals) = postSolution
		SolutionGuid = {575C5FB0-10D8-4C0B-8DEC-ED235F662DDC}
	EndGlobalSection
EndGlobal
