
Microsoft Visual Studio Solution File, Format Version 12.00
# Visual Studio Version 16
VisualStudioVersion = 16.0.29411.108
MinimumVisualStudioVersion = 10.0.40219.1
Project("{FAE04EC0-301F-11D3-BF4B-00C04F79EFBC}") = "HelloController", "HelloController.csproj", "{D5235920-4C0D-4799-B7C8-7A9BC6B1E276}"
EndProject
Global
	GlobalSection(SolutionConfigurationPlatforms) = preSolution
		Debug|Any CPU = Debug|Any CPU
		Release|Any CPU = Release|Any CPU
	EndGlobalSection
	GlobalSection(ProjectConfigurationPlatforms) = postSolution
		{D5235920-4C0D-4799-B7C8-7A9BC6B1E276}.Debug|Any CPU.ActiveCfg = Debug|Any CPU
		{D5235920-4C0D-4799-B7C8-7A9BC6B1E276}.Debug|Any CPU.Build.0 = Debug|Any CPU
		{D5235920-4C0D-4799-B7C8-7A9BC6B1E276}.Release|Any CPU.ActiveCfg = Release|Any CPU
		{D5235920-4C0D-4799-B7C8-7A9BC6B1E276}.Release|Any CPU.Build.0 = Release|Any CPU
	EndGlobalSection
	GlobalSection(SolutionProperties) = preSolution
		HideSolutionNode = FALSE
	EndGlobalSection
	GlobalSection(ExtensibilityGlobals) = postSolution
		SolutionGuid = {712BF6D1-DE33-4DFD-84F8-7E7B5E43097B}
	EndGlobalSection
EndGlobal
