
Microsoft Visual Studio Solution File, Format Version 12.00
# Visual Studio Version 16
VisualStudioVersion = 16.0.29411.108
MinimumVisualStudioVersion = 10.0.40219.1
Project("{FAE04EC0-301F-11D3-BF4B-00C04F79EFBC}") = "challenge lambda", "challenge lambda.csproj", "{3FBC654E-CB7E-4E16-8F0E-0457CF8E965A}"
EndProject
Global
	GlobalSection(SolutionConfigurationPlatforms) = preSolution
		Debug|Any CPU = Debug|Any CPU
		Release|Any CPU = Release|Any CPU
	EndGlobalSection
	GlobalSection(ProjectConfigurationPlatforms) = postSolution
		{3FBC654E-CB7E-4E16-8F0E-0457CF8E965A}.Debug|Any CPU.ActiveCfg = Debug|Any CPU
		{3FBC654E-CB7E-4E16-8F0E-0457CF8E965A}.Debug|Any CPU.Build.0 = Debug|Any CPU
		{3FBC654E-CB7E-4E16-8F0E-0457CF8E965A}.Release|Any CPU.ActiveCfg = Release|Any CPU
		{3FBC654E-CB7E-4E16-8F0E-0457CF8E965A}.Release|Any CPU.Build.0 = Release|Any CPU
	EndGlobalSection
	GlobalSection(SolutionProperties) = preSolution
		HideSolutionNode = FALSE
	EndGlobalSection
	GlobalSection(ExtensibilityGlobals) = postSolution
		SolutionGuid = {9CA62741-0D21-44EB-ACD3-DB118A16F05A}
	EndGlobalSection
EndGlobal
